
Microsoft Visual Studio Solution File, Format Version 12.00
# Visual Studio 14
VisualStudioVersion = 14.0.24720.0
MinimumVisualStudioVersion = 10.0.40219.1
Project("{A07B5EB6-E848-4116-A8D0-A826331D98C6}") = "BlankyGateway", "BlankyGateway\BlankyGateway.sfproj", "{1B804EFB-45A8-4B8E-9EA1-979004D1F340}"
EndProject
Project("{8BB2217D-0F2D-49D1-97BC-3654ED321F3B}") = "ServiceRouter", "ServiceRouter\ServiceRouter.xproj", "{F432CBA6-4A9C-4795-B384-F682D6B38716}"
EndProject
Project("{2150E333-8FDC-42A3-9474-1A3956D46DE8}") = "Solution Items", "Solution Items", "{17218CC5-22B3-4FA0-ACDC-DFF97CE36ECA}"
	ProjectSection(SolutionItems) = preProject
		global.json = global.json
		nuget.config = nuget.config
		Readme.md = Readme.md
	EndProjectSection
EndProject
Project("{8BB2217D-0F2D-49D1-97BC-3654ED321F3B}") = "ServiceRouter.UnitTests", "ServiceRouter.UnitTests\ServiceRouter.UnitTests.xproj", "{E77C4A17-DC91-4327-8E6C-67DF5A3D8599}"
EndProject
Project("{FAE04EC0-301F-11D3-BF4B-00C04F79EFBC}") = "RedisWrapper", "RedisWrapper\RedisWrapper.csproj", "{5FBF77B5-8097-4D5E-A847-7D76652B3A85}"
EndProject
Project("{FAE04EC0-301F-11D3-BF4B-00C04F79EFBC}") = "HealthWatchdog", "HealthWatchdog\HealthWatchdog.csproj", "{41DB64E6-CC4F-4CAA-A9BB-4A70CC500973}"
EndProject
Project("{FAE04EC0-301F-11D3-BF4B-00C04F79EFBC}") = "HealthWatchdog.Tests", "HealthWatchdog.Tests\HealthWatchdog.Tests.csproj", "{8B17F99F-2797-4C60-9769-77A8745B8DDE}"
EndProject
Global
	GlobalSection(SolutionConfigurationPlatforms) = preSolution
		CIBuild|Any CPU = CIBuild|Any CPU
		CIBuild|ARM = CIBuild|ARM
		CIBuild|x64 = CIBuild|x64
		CIBuild|x86 = CIBuild|x86
		Debug|Any CPU = Debug|Any CPU
		Debug|ARM = Debug|ARM
		Debug|x64 = Debug|x64
		Debug|x86 = Debug|x86
		Release|Any CPU = Release|Any CPU
		Release|ARM = Release|ARM
		Release|x64 = Release|x64
		Release|x86 = Release|x86
	EndGlobalSection
	GlobalSection(ProjectConfigurationPlatforms) = postSolution
		{1B804EFB-45A8-4B8E-9EA1-979004D1F340}.CIBuild|Any CPU.ActiveCfg = CIBuild|x64
		{1B804EFB-45A8-4B8E-9EA1-979004D1F340}.CIBuild|ARM.ActiveCfg = CIBuild|x64
		{1B804EFB-45A8-4B8E-9EA1-979004D1F340}.CIBuild|x64.ActiveCfg = CIBuild|x64
		{1B804EFB-45A8-4B8E-9EA1-979004D1F340}.CIBuild|x86.ActiveCfg = CIBuild|x64
		{1B804EFB-45A8-4B8E-9EA1-979004D1F340}.Debug|Any CPU.ActiveCfg = Debug|x64
		{1B804EFB-45A8-4B8E-9EA1-979004D1F340}.Debug|Any CPU.Build.0 = Debug|x64
		{1B804EFB-45A8-4B8E-9EA1-979004D1F340}.Debug|Any CPU.Deploy.0 = Debug|x64
		{1B804EFB-45A8-4B8E-9EA1-979004D1F340}.Debug|ARM.ActiveCfg = Debug|x64
		{1B804EFB-45A8-4B8E-9EA1-979004D1F340}.Debug|x64.ActiveCfg = Debug|x64
		{1B804EFB-45A8-4B8E-9EA1-979004D1F340}.Debug|x64.Build.0 = Debug|x64
		{1B804EFB-45A8-4B8E-9EA1-979004D1F340}.Debug|x64.Deploy.0 = Debug|x64
		{1B804EFB-45A8-4B8E-9EA1-979004D1F340}.Debug|x86.ActiveCfg = Debug|x64
		{1B804EFB-45A8-4B8E-9EA1-979004D1F340}.Release|Any CPU.ActiveCfg = Release|x64
		{1B804EFB-45A8-4B8E-9EA1-979004D1F340}.Release|ARM.ActiveCfg = Release|x64
		{1B804EFB-45A8-4B8E-9EA1-979004D1F340}.Release|x64.ActiveCfg = Release|x64
		{1B804EFB-45A8-4B8E-9EA1-979004D1F340}.Release|x64.Build.0 = Release|x64
		{1B804EFB-45A8-4B8E-9EA1-979004D1F340}.Release|x64.Deploy.0 = Release|x64
		{1B804EFB-45A8-4B8E-9EA1-979004D1F340}.Release|x86.ActiveCfg = Release|x64
		{F432CBA6-4A9C-4795-B384-F682D6B38716}.CIBuild|Any CPU.ActiveCfg = CIBuild|Any CPU
		{F432CBA6-4A9C-4795-B384-F682D6B38716}.CIBuild|Any CPU.Build.0 = CIBuild|Any CPU
		{F432CBA6-4A9C-4795-B384-F682D6B38716}.CIBuild|ARM.ActiveCfg = CIBuild|Any CPU
		{F432CBA6-4A9C-4795-B384-F682D6B38716}.CIBuild|ARM.Build.0 = CIBuild|Any CPU
		{F432CBA6-4A9C-4795-B384-F682D6B38716}.CIBuild|x64.ActiveCfg = CIBuild|Any CPU
		{F432CBA6-4A9C-4795-B384-F682D6B38716}.CIBuild|x86.ActiveCfg = CIBuild|Any CPU
		{F432CBA6-4A9C-4795-B384-F682D6B38716}.CIBuild|x86.Build.0 = CIBuild|Any CPU
		{F432CBA6-4A9C-4795-B384-F682D6B38716}.Debug|Any CPU.ActiveCfg = Debug|Any CPU
		{F432CBA6-4A9C-4795-B384-F682D6B38716}.Debug|Any CPU.Build.0 = Debug|Any CPU
		{F432CBA6-4A9C-4795-B384-F682D6B38716}.Debug|ARM.ActiveCfg = Debug|Any CPU
		{F432CBA6-4A9C-4795-B384-F682D6B38716}.Debug|ARM.Build.0 = Debug|Any CPU
		{F432CBA6-4A9C-4795-B384-F682D6B38716}.Debug|x64.ActiveCfg = Debug|Any CPU
		{F432CBA6-4A9C-4795-B384-F682D6B38716}.Debug|x64.Build.0 = Debug|Any CPU
		{F432CBA6-4A9C-4795-B384-F682D6B38716}.Debug|x86.ActiveCfg = Debug|Any CPU
		{F432CBA6-4A9C-4795-B384-F682D6B38716}.Debug|x86.Build.0 = Debug|Any CPU
		{F432CBA6-4A9C-4795-B384-F682D6B38716}.Release|Any CPU.ActiveCfg = Release|Any CPU
		{F432CBA6-4A9C-4795-B384-F682D6B38716}.Release|Any CPU.Build.0 = Release|Any CPU
		{F432CBA6-4A9C-4795-B384-F682D6B38716}.Release|ARM.ActiveCfg = Release|Any CPU
		{F432CBA6-4A9C-4795-B384-F682D6B38716}.Release|ARM.Build.0 = Release|Any CPU
		{F432CBA6-4A9C-4795-B384-F682D6B38716}.Release|x64.ActiveCfg = Release|Any CPU
		{F432CBA6-4A9C-4795-B384-F682D6B38716}.Release|x64.Build.0 = Release|Any CPU
		{F432CBA6-4A9C-4795-B384-F682D6B38716}.Release|x86.ActiveCfg = Release|Any CPU
		{F432CBA6-4A9C-4795-B384-F682D6B38716}.Release|x86.Build.0 = Release|Any CPU
		{E77C4A17-DC91-4327-8E6C-67DF5A3D8599}.CIBuild|Any CPU.ActiveCfg = CIBuild|Any CPU
		{E77C4A17-DC91-4327-8E6C-67DF5A3D8599}.CIBuild|Any CPU.Build.0 = CIBuild|Any CPU
		{E77C4A17-DC91-4327-8E6C-67DF5A3D8599}.CIBuild|ARM.ActiveCfg = CIBuild|Any CPU
		{E77C4A17-DC91-4327-8E6C-67DF5A3D8599}.CIBuild|ARM.Build.0 = CIBuild|Any CPU
		{E77C4A17-DC91-4327-8E6C-67DF5A3D8599}.CIBuild|x64.ActiveCfg = CIBuild|Any CPU
		{E77C4A17-DC91-4327-8E6C-67DF5A3D8599}.CIBuild|x86.ActiveCfg = CIBuild|Any CPU
		{E77C4A17-DC91-4327-8E6C-67DF5A3D8599}.CIBuild|x86.Build.0 = CIBuild|Any CPU
		{E77C4A17-DC91-4327-8E6C-67DF5A3D8599}.Debug|Any CPU.ActiveCfg = Debug|Any CPU
		{E77C4A17-DC91-4327-8E6C-67DF5A3D8599}.Debug|Any CPU.Build.0 = Debug|Any CPU
		{E77C4A17-DC91-4327-8E6C-67DF5A3D8599}.Debug|ARM.ActiveCfg = Debug|Any CPU
		{E77C4A17-DC91-4327-8E6C-67DF5A3D8599}.Debug|ARM.Build.0 = Debug|Any CPU
		{E77C4A17-DC91-4327-8E6C-67DF5A3D8599}.Debug|x64.ActiveCfg = Debug|Any CPU
		{E77C4A17-DC91-4327-8E6C-67DF5A3D8599}.Debug|x64.Build.0 = Debug|Any CPU
		{E77C4A17-DC91-4327-8E6C-67DF5A3D8599}.Debug|x86.ActiveCfg = Debug|Any CPU
		{E77C4A17-DC91-4327-8E6C-67DF5A3D8599}.Debug|x86.Build.0 = Debug|Any CPU
		{E77C4A17-DC91-4327-8E6C-67DF5A3D8599}.Release|Any CPU.ActiveCfg = Release|Any CPU
		{E77C4A17-DC91-4327-8E6C-67DF5A3D8599}.Release|Any CPU.Build.0 = Release|Any CPU
		{E77C4A17-DC91-4327-8E6C-67DF5A3D8599}.Release|ARM.ActiveCfg = Release|Any CPU
		{E77C4A17-DC91-4327-8E6C-67DF5A3D8599}.Release|ARM.Build.0 = Release|Any CPU
		{E77C4A17-DC91-4327-8E6C-67DF5A3D8599}.Release|x64.ActiveCfg = Release|Any CPU
		{E77C4A17-DC91-4327-8E6C-67DF5A3D8599}.Release|x64.Build.0 = Release|Any CPU
		{E77C4A17-DC91-4327-8E6C-67DF5A3D8599}.Release|x86.ActiveCfg = Release|Any CPU
		{E77C4A17-DC91-4327-8E6C-67DF5A3D8599}.Release|x86.Build.0 = Release|Any CPU
		{5FBF77B5-8097-4D5E-A847-7D76652B3A85}.CIBuild|Any CPU.ActiveCfg = CIBuild|x64
		{5FBF77B5-8097-4D5E-A847-7D76652B3A85}.CIBuild|ARM.ActiveCfg = CIBuild|x64
		{5FBF77B5-8097-4D5E-A847-7D76652B3A85}.CIBuild|x64.ActiveCfg = CIBuild|x64
		{5FBF77B5-8097-4D5E-A847-7D76652B3A85}.CIBuild|x64.Build.0 = CIBuild|x64
		{5FBF77B5-8097-4D5E-A847-7D76652B3A85}.CIBuild|x86.ActiveCfg = CIBuild|x64
		{5FBF77B5-8097-4D5E-A847-7D76652B3A85}.Debug|Any CPU.ActiveCfg = Debug|x64
		{5FBF77B5-8097-4D5E-A847-7D76652B3A85}.Debug|ARM.ActiveCfg = Debug|x64
		{5FBF77B5-8097-4D5E-A847-7D76652B3A85}.Debug|x64.ActiveCfg = Debug|x64
		{5FBF77B5-8097-4D5E-A847-7D76652B3A85}.Debug|x64.Build.0 = Debug|x64
		{5FBF77B5-8097-4D5E-A847-7D76652B3A85}.Debug|x86.ActiveCfg = Debug|x64
		{5FBF77B5-8097-4D5E-A847-7D76652B3A85}.Release|Any CPU.ActiveCfg = Release|x64
		{5FBF77B5-8097-4D5E-A847-7D76652B3A85}.Release|ARM.ActiveCfg = Release|x64
		{5FBF77B5-8097-4D5E-A847-7D76652B3A85}.Release|x64.ActiveCfg = Release|x64
		{5FBF77B5-8097-4D5E-A847-7D76652B3A85}.Release|x64.Build.0 = Release|x64
		{5FBF77B5-8097-4D5E-A847-7D76652B3A85}.Release|x86.ActiveCfg = Release|x64
		{41DB64E6-CC4F-4CAA-A9BB-4A70CC500973}.CIBuild|Any CPU.ActiveCfg = CIBuild|x64
		{41DB64E6-CC4F-4CAA-A9BB-4A70CC500973}.CIBuild|ARM.ActiveCfg = CIBuild|x64
		{41DB64E6-CC4F-4CAA-A9BB-4A70CC500973}.CIBuild|x64.ActiveCfg = CIBuild|x64
		{41DB64E6-CC4F-4CAA-A9BB-4A70CC500973}.CIBuild|x64.Build.0 = CIBuild|x64
		{41DB64E6-CC4F-4CAA-A9BB-4A70CC500973}.CIBuild|x86.ActiveCfg = CIBuild|x64
		{41DB64E6-CC4F-4CAA-A9BB-4A70CC500973}.Debug|Any CPU.ActiveCfg = Debug|x64
		{41DB64E6-CC4F-4CAA-A9BB-4A70CC500973}.Debug|ARM.ActiveCfg = Debug|x64
		{41DB64E6-CC4F-4CAA-A9BB-4A70CC500973}.Debug|x64.ActiveCfg = Debug|x64
		{41DB64E6-CC4F-4CAA-A9BB-4A70CC500973}.Debug|x64.Build.0 = Debug|x64
		{41DB64E6-CC4F-4CAA-A9BB-4A70CC500973}.Debug|x86.ActiveCfg = Debug|x64
		{41DB64E6-CC4F-4CAA-A9BB-4A70CC500973}.Release|Any CPU.ActiveCfg = Release|x64
		{41DB64E6-CC4F-4CAA-A9BB-4A70CC500973}.Release|ARM.ActiveCfg = Release|x64
		{41DB64E6-CC4F-4CAA-A9BB-4A70CC500973}.Release|x64.ActiveCfg = Release|x64
		{41DB64E6-CC4F-4CAA-A9BB-4A70CC500973}.Release|x64.Build.0 = Release|x64
		{41DB64E6-CC4F-4CAA-A9BB-4A70CC500973}.Release|x86.ActiveCfg = Release|x64
		{8B17F99F-2797-4C60-9769-77A8745B8DDE}.CIBuild|Any CPU.ActiveCfg = CIBuild|Any CPU
		{8B17F99F-2797-4C60-9769-77A8745B8DDE}.CIBuild|Any CPU.Build.0 = CIBuild|Any CPU
		{8B17F99F-2797-4C60-9769-77A8745B8DDE}.CIBuild|ARM.ActiveCfg = CIBuild|Any CPU
		{8B17F99F-2797-4C60-9769-77A8745B8DDE}.CIBuild|ARM.Build.0 = CIBuild|Any CPU
		{8B17F99F-2797-4C60-9769-77A8745B8DDE}.CIBuild|x64.ActiveCfg = CIBuild|Any CPU
		{8B17F99F-2797-4C60-9769-77A8745B8DDE}.CIBuild|x64.Build.0 = CIBuild|Any CPU
		{8B17F99F-2797-4C60-9769-77A8745B8DDE}.CIBuild|x86.ActiveCfg = CIBuild|Any CPU
		{8B17F99F-2797-4C60-9769-77A8745B8DDE}.CIBuild|x86.Build.0 = CIBuild|Any CPU
		{8B17F99F-2797-4C60-9769-77A8745B8DDE}.Debug|Any CPU.ActiveCfg = Debug|Any CPU
		{8B17F99F-2797-4C60-9769-77A8745B8DDE}.Debug|Any CPU.Build.0 = Debug|Any CPU
		{8B17F99F-2797-4C60-9769-77A8745B8DDE}.Debug|ARM.ActiveCfg = Debug|Any CPU
		{8B17F99F-2797-4C60-9769-77A8745B8DDE}.Debug|ARM.Build.0 = Debug|Any CPU
		{8B17F99F-2797-4C60-9769-77A8745B8DDE}.Debug|x64.ActiveCfg = Debug|Any CPU
		{8B17F99F-2797-4C60-9769-77A8745B8DDE}.Debug|x64.Build.0 = Debug|Any CPU
		{8B17F99F-2797-4C60-9769-77A8745B8DDE}.Debug|x86.ActiveCfg = Debug|Any CPU
		{8B17F99F-2797-4C60-9769-77A8745B8DDE}.Debug|x86.Build.0 = Debug|Any CPU
		{8B17F99F-2797-4C60-9769-77A8745B8DDE}.Release|Any CPU.ActiveCfg = Release|Any CPU
		{8B17F99F-2797-4C60-9769-77A8745B8DDE}.Release|Any CPU.Build.0 = Release|Any CPU
		{8B17F99F-2797-4C60-9769-77A8745B8DDE}.Release|ARM.ActiveCfg = Release|Any CPU
		{8B17F99F-2797-4C60-9769-77A8745B8DDE}.Release|ARM.Build.0 = Release|Any CPU
		{8B17F99F-2797-4C60-9769-77A8745B8DDE}.Release|x64.ActiveCfg = Release|Any CPU
		{8B17F99F-2797-4C60-9769-77A8745B8DDE}.Release|x64.Build.0 = Release|Any CPU
		{8B17F99F-2797-4C60-9769-77A8745B8DDE}.Release|x86.ActiveCfg = Release|Any CPU
		{8B17F99F-2797-4C60-9769-77A8745B8DDE}.Release|x86.Build.0 = Release|Any CPU
	EndGlobalSection
	GlobalSection(SolutionProperties) = preSolution
		HideSolutionNode = FALSE
	EndGlobalSection
EndGlobal
